{
  "name": "async-demo",
  "version": "1.0.0",
  "lockfileVersion": 1,
  "requires": true,
  "dependencies": {
    "async": {
      "version": "3.1.1",
      "resolved": "http://npm.envisioncn.com:7001/async/download/async-3.1.1.tgz",
      "integrity": "sha1-3TVC2wPeg3l5yeu8pkygGwbcmN8="
    }
  }
}
