# THIS IS AN AUTOGENERATED FILE. DO NOT EDIT THIS FILE DIRECTLY.
# yarn lockfile v1


generate-function@^2.0.0:
  version "2.3.1"
  resolved "http://npm.envisioncn.com:7001/generate-function/download/generate-function-2.3.1.tgz#f069617690c10c868e73b8465746764f97c3479f"
  integrity sha1-8GlhdpDBDIaOc7hGV0Z2T5fDR58=
  dependencies:
    is-property "^1.0.2"

generate-object-property@^1.2.0:
  version "1.2.0"
  resolved "http://npm.envisioncn.com:7001/generate-object-property/download/generate-object-property-1.2.0.tgz#9c0e1c40308ce804f4783618b937fa88f99d50d0"
  integrity sha1-nA4cQDCM6AT0eDYYuTf6iPmdUNA=
  dependencies:
    is-property "^1.0.0"

is-property@^1.0.0, is-property@^1.0.2:
  version "1.0.2"
  resolved "http://npm.envisioncn.com:7001/is-property/download/is-property-1.0.2.tgz#57fe1c4e48474edd65b09911f26b1cd4095dda84"
  integrity sha1-V/4cTkhHTt1lsJkR8msc1Ald2oQ=

protocol-buffers-encodings@^1.1.0:
  version "1.1.0"
  resolved "http://npm.envisioncn.com:7001/protocol-buffers-encodings/download/protocol-buffers-encodings-1.1.0.tgz#f3905631106669b85381bad47a336add7d206873"
  integrity sha1-85BWMRBmabhTgbrUejNq3X0gaHM=
  dependencies:
    signed-varint "^2.0.1"
    varint "^5.0.0"

protocol-buffers-schema@^3.1.1:
  version "3.4.0"
  resolved "http://npm.envisioncn.com:7001/protocol-buffers-schema/download/protocol-buffers-schema-3.4.0.tgz#2f0ea31ca96627d680bf2fefae7ebfa2b6453eae"
  integrity sha1-Lw6jHKlmJ9aAvy/vrn6/orZFPq4=

protocol-buffers@4.1.0:
  version "4.1.0"
  resolved "http://npm.envisioncn.com:7001/protocol-buffers/download/protocol-buffers-4.1.0.tgz#c5ba3762123d5960229a2d585c8767a08a6861dc"
  integrity sha1-xbo3YhI9WWAimi1YXIdnoIpoYdw=
  dependencies:
    generate-function "^2.0.0"
    generate-object-property "^1.2.0"
    protocol-buffers-encodings "^1.1.0"
    protocol-buffers-schema "^3.1.1"
    signed-varint "^2.0.0"
    varint "^5.0.0"

signed-varint@^2.0.0, signed-varint@^2.0.1:
  version "2.0.1"
  resolved "http://npm.envisioncn.com:7001/signed-varint/download/signed-varint-2.0.1.tgz#50a9989da7c98c2c61dad119bc97470ef8528129"
  integrity sha1-UKmYnafJjCxh2tEZvJdHDvhSgSk=
  dependencies:
    varint "~5.0.0"

varint@^5.0.0, varint@~5.0.0:
  version "5.0.0"
  resolved "http://npm.envisioncn.com:7001/varint/download/varint-5.0.0.tgz#d826b89f7490732fabc0c0ed693ed475dcb29ebf"
  integrity sha1-2Ca4n3SQcy+rwMDtaT7Uddyynr8=
